{
  "version": "2",
  "remote": {
    "https://cdn.skypack.dev/-/@octokit/webhooks-definitions@v3.67.3-6fIVkCsEAeaghYKNFfKw/dist=es2019,mode=raw/schema.d.ts": "ce1bd1a48192d35cba10d7f08a8e06afb215ceeb13586174884f05d819eb7873",
    "https://cdn.skypack.dev/-/debug@v4.3.4-o4liVvMlOnQWbLSYZMXw/dist=es2019,mode=imports/optimized/debug.js": "671100993996e39b501301a87000607916d4d2d9f8fc8e9c5200ae5ba64a1389",
    "https://cdn.skypack.dev/-/ms@v2.1.2-giBDZ1IA5lmQ3ZXaa87V/dist=es2019,mode=imports/optimized/ms.js": "fd88e2d51900437011f1ad232f3393ce97db1b87a7844b3c58dd6d65562c1276",
    "https://cdn.skypack.dev/debug@4.3.4": "7b1d010cc930f71b940ba5941da055bc181115229e29de7214bdb4425c68ea76",
    "https://deno.land/std@0.100.0/encoding/hex.ts": "f952e0727bddb3b2fd2e6889d104eacbd62e92091f540ebd6459317a61932d9b",
    "https://deno.land/std@0.153.0/_util/assert.ts": "e94f2eb37cebd7f199952e242c77654e43333c1ac4c5c700e929ea3aa5489f74",
    "https://deno.land/std@0.153.0/_util/os.ts": "3b4c6e27febd119d36a416d7a97bd3b0251b77c88942c8f16ee5953ea13e2e49",
    "https://deno.land/std@0.153.0/async/deferred.ts": "c01de44b9192359cebd3fe93273fcebf9e95110bf3360023917da9a2d1489fae",
    "https://deno.land/std@0.153.0/bytes/bytes_list.ts": "aba5e2369e77d426b10af1de0dcc4531acecec27f9b9056f4f7bfbf8ac147ab4",
    "https://deno.land/std@0.153.0/bytes/equals.ts": "3c3558c3ae85526f84510aa2b48ab2ad7bdd899e2e0f5b7a8ffc85acb3a6043a",
    "https://deno.land/std@0.153.0/bytes/mod.ts": "763f97d33051cc3f28af1a688dfe2830841192a9fea0cbaa55f927b49d49d0bf",
    "https://deno.land/std@0.153.0/io/buffer.ts": "8232dcd8c4c7f14b95f28444454ad63750267be23e0fd7f88320c68b0f87a3b5",
    "https://deno.land/std@0.153.0/io/types.d.ts": "0cae3a62da7a37043661746c65c021058bae020b54e50c0e774916e5d4baee43",
    "https://deno.land/std@0.153.0/path/_constants.ts": "df1db3ffa6dd6d1252cc9617e5d72165cd2483df90e93833e13580687b6083c3",
    "https://deno.land/std@0.153.0/path/_interface.ts": "ee3b431a336b80cf445441109d089b70d87d5e248f4f90ff906820889ecf8d09",
    "https://deno.land/std@0.153.0/path/_util.ts": "d16be2a16e1204b65f9d0dfc54a9bc472cafe5f4a190b3c8471ec2016ccd1677",
    "https://deno.land/std@0.153.0/path/common.ts": "bee563630abd2d97f99d83c96c2fa0cca7cee103e8cb4e7699ec4d5db7bd2633",
    "https://deno.land/std@0.153.0/path/glob.ts": "cb5255638de1048973c3e69e420c77dc04f75755524cb3b2e160fe9277d939ee",
    "https://deno.land/std@0.153.0/path/mod.ts": "56fec03ad0ebd61b6ab39ddb9b0ddb4c4a5c9f2f4f632e09dd37ec9ebfd722ac",
    "https://deno.land/std@0.153.0/path/posix.ts": "c1f7afe274290ea0b51da07ee205653b2964bd74909a82deb07b69a6cc383aaa",
    "https://deno.land/std@0.153.0/path/separator.ts": "fe1816cb765a8068afb3e8f13ad272351c85cbc739af56dacfc7d93d710fe0f9",
    "https://deno.land/std@0.153.0/path/win32.ts": "bd7549042e37879c68ff2f8576a25950abbfca1d696d41d82c7bca0b7e6f452c",
    "https://deno.land/std@0.153.0/streams/buffer.ts": "c9aef91ccb7d23555b1d942d39eeca2546879ddfa19de450e9765d9e7069dce1",
    "https://deno.land/std@0.153.0/streams/conversion.ts": "fc4eb76a14148c43f0b85e903a5a1526391aa40ed9434dc21e34f88304eb823e",
    "https://deno.land/std@0.153.0/streams/delimiter.ts": "4c568cdbdc71a8563f8e3b032ec0bbd52992fc4a1cf257baa00cf6b4f7034bd4",
    "https://deno.land/std@0.153.0/streams/merge.ts": "88ed3dfa030ae076802688e4cadd762a251a41d81ed1776dfd9a2a9a0e970195",
    "https://deno.land/std@0.153.0/streams/mod.ts": "f402791689d74bd091ecf8f4015bc5b7d5c18132a55c7c72fe0576d1fb254cf9",
    "https://deno.land/std@0.84.0/hash/sha1.ts": "1cca324b4b253885a47f121adafcfac55b4cc96113e22b338e1db26f37a730b8",
    "https://deno.land/std@0.84.0/hash/sha256.ts": "2a06afd9c27942b87ffc8a93b3270065b5fe4ea144fe0939e5d050bfb86d40db",
    "https://deno.land/std@0.84.0/hash/sha512.ts": "879e99a4c20d10ddadbe02a643a69565dfbabffc5fa7ddacff3ebcdb664b554c",
    "https://deno.land/std@0.85.0/encoding/base64.ts": "e81fd4661e7af6711b1a03ed212617e1b1ff2999a11317655359cf9223bc6cce",
    "https://deno.land/std@0.85.0/encoding/base64url.ts": "58e369ff130ac4b6d0661fe5189b93f839a91327b086f355c0ce0c74ec5e7c6c",
    "https://deno.land/std@0.85.0/encoding/hex.ts": "f952e0727bddb3b2fd2e6889d104eacbd62e92091f540ebd6459317a61932d9b",
    "https://deno.land/std@0.85.0/hash/sha256.ts": "2a06afd9c27942b87ffc8a93b3270065b5fe4ea144fe0939e5d050bfb86d40db",
    "https://deno.land/std@0.85.0/hash/sha512.ts": "879e99a4c20d10ddadbe02a643a69565dfbabffc5fa7ddacff3ebcdb664b554c",
    "https://deno.land/std@0.91.0/encoding/base64.ts": "eecae390f1f1d1cae6f6c6d732ede5276bf4b9cd29b1d281678c054dc5cc009e",
    "https://deno.land/std@0.91.0/encoding/hex.ts": "f952e0727bddb3b2fd2e6889d104eacbd62e92091f540ebd6459317a61932d9b",
    "https://deno.land/std@0.91.0/hash/_wasm/hash.ts": "cb6ad1ab429f8ac9d6eae48f3286e08236d662e1a2e5cfd681ba1c0f17375895",
    "https://deno.land/std@0.91.0/hash/_wasm/wasm.js": "94b1b997ae6fb4e6d2156bcea8f79cfcd1e512a91252b08800a92071e5e84e1a",
    "https://deno.land/std@0.91.0/hash/hasher.ts": "57a9ec05dd48a9eceed319ac53463d9873490feea3832d58679df6eec51c176b",
    "https://deno.land/std@0.91.0/hash/mod.ts": "5d032bd34186cda2f8d17fc122d621430953a6030d4b3f11172004715e3e2441",
    "https://deno.land/x/crypto@v0.8.0/deps.ts": "6d15406489421d7e8c51b3813f39a716441550babf0662b4fa936588e4326457",
    "https://deno.land/x/crypto@v0.8.0/hmac.ts": "27d26371cff042fb12130fda2509daf29352c20bc770cbf24022fc14710994b8",
    "https://deno.land/x/crypto@v0.8.0/src/hmac/mod.ts": "acf992ed0d9c3735a09d0f377a25d583a5761b4cbbf367678efe40ca79cd30ea",
    "https://deno.land/x/djwt@v2.2/algorithm.ts": "af7e185c74f5319e39eb82d52b4c315d74c9bd798aa098feb6f47a4bc181b584",
    "https://deno.land/x/djwt@v2.2/deps.ts": "76d85d725ff951fc0f9eae0a06b434fa1259845caf45e398713dd77788b02692",
    "https://deno.land/x/djwt@v2.2/mod.ts": "bc851108f645ed707a88a55a110948f35c00eb0c4c1c0a7d5bd271928b6c31ff",
    "https://deno.land/x/djwt@v2.2/signature.ts": "ee591d5907d665c28e5687b1f18144ec604884fd2746d3baf81aa57a30698ffa",
    "https://deno.land/x/github_webhooks@0.1.1/deps.ts": "e6883f1963b1adf62503076c071b232a1f11fc34c5fe02aeb2ae9d6dacf367b3",
    "https://deno.land/x/github_webhooks@0.1.1/mod.ts": "3def7a6ec7adf78a6614cb74c6dc21c2438b9c3e6970ae4c63603bdb92a265b1",
    "https://deno.land/x/god_crypto@v1.4.9/rsa.ts": "ccdac797dad64da4a0cd297b17fb987d6aa272c18568919c3365206912c20129",
    "https://deno.land/x/god_crypto@v1.4.9/src/binary.ts": "f8c2ce60f9e0295cd54bbc3008cc4b388e919aa9128767d5f8e7eb4dd34fc8b4",
    "https://deno.land/x/god_crypto@v1.4.9/src/hash.ts": "b23060d50aa0d2e4845ce3a68c6533ddfc573ca679a9848be233da04c15964d4",
    "https://deno.land/x/god_crypto@v1.4.9/src/helper.ts": "e664a39ea7c3300765e5daeec4e55036b7fc810b27c7d806bd1ec24e19bc09b7",
    "https://deno.land/x/god_crypto@v1.4.9/src/math.ts": "f31a80dd819892e13b451852e6ee64178a4f55929d42f23f38a14e1e325e48b8",
    "https://deno.land/x/god_crypto@v1.4.9/src/rsa/basic_encoding_rule.ts": "913d06dc6afb7eb5a716964c44a9a99ee293d525ba66e171a6b88fd1fb5d34b9",
    "https://deno.land/x/god_crypto@v1.4.9/src/rsa/common.ts": "fadd40b40e61fe1723d546019cc8d8c309803aba9e11dd446f2ed5df2c10ea14",
    "https://deno.land/x/god_crypto@v1.4.9/src/rsa/eme_oaep.ts": "b6552ec4e53d1b360ba5639dd6dd8efe176586331e98ba9102a1ae5e71c427e2",
    "https://deno.land/x/god_crypto@v1.4.9/src/rsa/emsa_pss.ts": "9dd89fbecb1f53bcb0dc6338d1b0448677d6f35e356b3b51ebc23ae48bbbcc9a",
    "https://deno.land/x/god_crypto@v1.4.9/src/rsa/export_key.ts": "07c33f4ae7f276e8b99d944a3a05cef965674f481d411b97b67b0e49235f063f",
    "https://deno.land/x/god_crypto@v1.4.9/src/rsa/import_key.ts": "4d9577e4b0313416f947c4359b0b8cb55002e036949a569287697ac591c1ad2f",
    "https://deno.land/x/god_crypto@v1.4.9/src/rsa/mod.ts": "0ea65d6ac21e1f007812ea250b986b8f532ec49bc6b1eb87ef4a2cfc0425032b",
    "https://deno.land/x/god_crypto@v1.4.9/src/rsa/primitives.ts": "a86659455e16274a384fd7ef23e63945ae8892c542997c544f7e03f073c4be81",
    "https://deno.land/x/god_crypto@v1.4.9/src/rsa/rsa_internal.ts": "c8827374377a5b28087fa392070dfe7586b0eac6e4e3fae84dd901a57b1b7541",
    "https://deno.land/x/god_crypto@v1.4.9/src/rsa/rsa_js.ts": "fbb4f4f564fb230bdb370e6fdbcd81b33c8e04c49181dfb6b9ef75106499648d",
    "https://deno.land/x/god_crypto@v1.4.9/src/rsa/rsa_key.ts": "1a729b884d0a09c50a5f6d68e9e13d07f1be7f1092a59486699d7c952ab7ca86",
    "https://deno.land/x/god_crypto@v1.4.9/src/rsa/rsa_wc.ts": "614624a1d222d42192bc3c9da1e9656e88f921f5e8c24171567fdac90036337e",
    "https://deno.land/x/god_crypto@v1.4.9/src/rsa/rsassa_pss.ts": "14987aab6b69fb5d9056bf260c722cc91376e34edb53ee30f38541ab5f7a2260",
    "https://deno.land/x/god_crypto@v1.4.9/src/utility/asn1.ts": "91b4d357a3b3bca4c0c0d26e876061bf803e04e5f0bd418d35426d1858f9aaf8",
    "https://deno.land/x/god_crypto@v1.4.9/src/utility/encode.ts": "2865eb23bceea73fde3e0d1c13254bc30d9144606fda30ae009fbf33e5c881a3",
    "https://deno.land/x/grammy@v1.11.0/bot.ts": "6e4ceacfa6febe7262bb3792f2889189e859d79f9e5835f2297f703ed230ebc9",
    "https://deno.land/x/grammy@v1.11.0/composer.ts": "3cc53bf28b6812cd17617ad63f319183b1b4e1199962821605d42df61f135264",
    "https://deno.land/x/grammy@v1.11.0/context.ts": "7ee009503d59becd5f9bf876c0bb2bd2d5700167b8cef53153c9ce6d758a4192",
    "https://deno.land/x/grammy@v1.11.0/convenience/frameworks.deno.ts": "dfa1c824ce3c06447cc0d714210db77e87502fb45879662c36a721a603109b9f",
    "https://deno.land/x/grammy@v1.11.0/convenience/frameworks.shared.ts": "b59c24178da1fd0a126dca331dae4a04dfaed1d5604485cb9ca14a36bf0fa106",
    "https://deno.land/x/grammy@v1.11.0/convenience/keyboard.ts": "3048b985494773d48b5f847aa5d7cf357369026f8a6849ed48dde204690dc920",
    "https://deno.land/x/grammy@v1.11.0/convenience/session.ts": "bb2d08d94d892336f29e1db07ac7adf2c865a7b3c4a4140c06c3cb64659dbcb1",
    "https://deno.land/x/grammy@v1.11.0/convenience/webhook.ts": "805aa953f4626aff7b84fde156dff2ea3cc166d674f2d844a8ab2adad1a03589",
    "https://deno.land/x/grammy@v1.11.0/core/api.ts": "38900a5ba51d8b091b78d14b076e2124268e109aac3cf84f6f097485deb19d0d",
    "https://deno.land/x/grammy@v1.11.0/core/client.ts": "8914f13b2cb69f16104a9711e4fea0a4500edd0950736dcc3ac078ab46f7a5ab",
    "https://deno.land/x/grammy@v1.11.0/core/error.ts": "4638b2127ebe60249c78b83011d468f5e1e1a87748d32fe11a8200d9f824ad13",
    "https://deno.land/x/grammy@v1.11.0/core/payload.ts": "bed2e44fb567259ee2cab70a7734544c90fae80cb937b354ee1427d0f0883b39",
    "https://deno.land/x/grammy@v1.11.0/filter.ts": "75a175dba125a6bfd9dd4b627007d46dd3b50a4f2ba52a5f5e93ea38d86edc05",
    "https://deno.land/x/grammy@v1.11.0/mod.ts": "6d96b0c7b4c8b9448b9f9903a95a78c3379febd36b0f6485ad567d79b153c794",
    "https://deno.land/x/grammy@v1.11.0/platform.deno.ts": "f9bc3139c122d4b3ae5be494e76406042e8fb215274ff0d0e5366b7d12002401",
    "https://deno.land/x/grammy@v1.11.0/types.deno.ts": "d83e6791e555899c33e33e78af83e92c098e54890044499790ae50c0cb73ac6c",
    "https://deno.land/x/grammy@v1.11.0/types.ts": "729415590dfa188dbe924dea614dff4e976babdbabb28a307b869fc25777cdf0",
    "https://deno.land/x/passgen@1.1.0/constants.ts": "cd61543e0b188227fed92be5619657ab7c5ff60e9c6c6268698c44211a3b7a68",
    "https://deno.land/x/passgen@1.1.0/mod.ts": "af822c1782eed2f2c605fad82f53c6e74d06d862541ff227c1241e3edd73efd9",
    "https://deno.land/x/passgen@1.1.0/passgen.ts": "404b91faa09cbda31899ebb85e9dc7cd793c30cfab90c78332b1d05856c6c19b",
    "https://esm.sh/@grammyjs/types@2.9.1": "18cf1e2aaf4c60ff5babc7e57a98dd793dc43c4034befa15bece53e92cb21a04",
    "https://esm.sh/v111/@grammyjs/types@2.9.1/api.d.ts": "efc90a31eb6f59ae5e7a4cf5838f46529e2fa6fa7e97a51a82dbd28afad21592",
    "https://esm.sh/v111/@grammyjs/types@2.9.1/deno/types.js": "57e4d6a4beaea100d8a76f798dea3f1704586da035b74703fc53c367977f8cb7",
    "https://esm.sh/v111/@grammyjs/types@2.9.1/index.d.ts": "1c60004dec6270d9badd5ed195dbd6d4ddd00fa701acfeea922ed9f4861576a4",
    "https://esm.sh/v111/@grammyjs/types@2.9.1/inline.d.ts": "573b2790679c5c0910847a60064ae85c6f6007bfa139e3f611dd917f9c54399b",
    "https://esm.sh/v111/@grammyjs/types@2.9.1/manage.d.ts": "495fcc3a6268b61b2fffaa81f190e2a84ccc1135f98bc912335e6caea0771592",
    "https://esm.sh/v111/@grammyjs/types@2.9.1/markup.d.ts": "a70b21cd9e7a6708c0f3697b067e0b97cec864a960883e0c3e9dd16c18ee0d5e",
    "https://esm.sh/v111/@grammyjs/types@2.9.1/menu-button.d.ts": "096e03dadaf3af415c48c14cb91380769df01dcccbb0931575bf5f15a5df5cd7",
    "https://esm.sh/v111/@grammyjs/types@2.9.1/message.d.ts": "0976aa4c904750be0f2c7aa157f1749f821158f68f32bd17d8c5c158a1f7250d",
    "https://esm.sh/v111/@grammyjs/types@2.9.1/passport.d.ts": "e3fb63aec96510bcc317ef48fd25b435444b8f407502d7568c00fce15f2958fd",
    "https://esm.sh/v111/@grammyjs/types@2.9.1/payment.d.ts": "410c384a26d24252219713adeb0c360d5d038102ab9d1a6e9aad20b603830d0c",
    "https://esm.sh/v111/@grammyjs/types@2.9.1/proxied.d.ts": "6e3d830b3ed508d7682e72cb1cee5e941e698531894dbd69194666d7398feb45",
    "https://esm.sh/v111/@grammyjs/types@2.9.1/update.d.ts": "caf8e01cc0857bde5a787243bc307d3e621f86242dd4058f5e20b156f61c083d"
  }
}
