{
  "version": "2",
  "remote": {
    "https://cdn.skypack.dev/-/@octokit/webhooks-definitions@v3.67.3-6fIVkCsEAeaghYKNFfKw/dist=es2019,mode=raw/schema.d.ts": "ce1bd1a48192d35cba10d7f08a8e06afb215ceeb13586174884f05d819eb7873",
    "https://cdn.skypack.dev/-/debug@v4.3.4-o4liVvMlOnQWbLSYZMXw/dist=es2019,mode=imports/optimized/debug.js": "671100993996e39b501301a87000607916d4d2d9f8fc8e9c5200ae5ba64a1389",
    "https://cdn.skypack.dev/-/ms@v2.1.2-giBDZ1IA5lmQ3ZXaa87V/dist=es2019,mode=imports/optimized/ms.js": "fd88e2d51900437011f1ad232f3393ce97db1b87a7844b3c58dd6d65562c1276",
    "https://cdn.skypack.dev/debug@4.3.4": "7b1d010cc930f71b940ba5941da055bc181115229e29de7214bdb4425c68ea76",
    "https://deno.land/std@0.100.0/encoding/hex.ts": "f952e0727bddb3b2fd2e6889d104eacbd62e92091f540ebd6459317a61932d9b",
    "https://deno.land/std@0.153.0/_util/assert.ts": "e94f2eb37cebd7f199952e242c77654e43333c1ac4c5c700e929ea3aa5489f74",
    "https://deno.land/std@0.153.0/_util/os.ts": "3b4c6e27febd119d36a416d7a97bd3b0251b77c88942c8f16ee5953ea13e2e49",
    "https://deno.land/std@0.153.0/async/deferred.ts": "c01de44b9192359cebd3fe93273fcebf9e95110bf3360023917da9a2d1489fae",
    "https://deno.land/std@0.153.0/bytes/bytes_list.ts": "aba5e2369e77d426b10af1de0dcc4531acecec27f9b9056f4f7bfbf8ac147ab4",
    "https://deno.land/std@0.153.0/bytes/equals.ts": "3c3558c3ae85526f84510aa2b48ab2ad7bdd899e2e0f5b7a8ffc85acb3a6043a",
    "https://deno.land/std@0.153.0/bytes/schema.ts": "763f97d33051cc3f28af1a688dfe2830841192a9fea0cbaa55f927b49d49d0bf",
    "https://deno.land/std@0.153.0/io/buffer.ts": "8232dcd8c4c7f14b95f28444454ad63750267be23e0fd7f88320c68b0f87a3b5",
    "https://deno.land/std@0.153.0/io/types.d.ts": "0cae3a62da7a37043661746c65c021058bae020b54e50c0e774916e5d4baee43",
    "https://deno.land/std@0.153.0/path/_constants.ts": "df1db3ffa6dd6d1252cc9617e5d72165cd2483df90e93833e13580687b6083c3",
    "https://deno.land/std@0.153.0/path/_interface.ts": "ee3b431a336b80cf445441109d089b70d87d5e248f4f90ff906820889ecf8d09",
    "https://deno.land/std@0.153.0/path/_util.ts": "d16be2a16e1204b65f9d0dfc54a9bc472cafe5f4a190b3c8471ec2016ccd1677",
    "https://deno.land/std@0.153.0/path/common.ts": "bee563630abd2d97f99d83c96c2fa0cca7cee103e8cb4e7699ec4d5db7bd2633",
    "https://deno.land/std@0.153.0/path/glob.ts": "cb5255638de1048973c3e69e420c77dc04f75755524cb3b2e160fe9277d939ee",
    "https://deno.land/std@0.153.0/path/posix.ts": "c1f7afe274290ea0b51da07ee205653b2964bd74909a82deb07b69a6cc383aaa",
    "https://deno.land/std@0.153.0/path/schema.ts": "56fec03ad0ebd61b6ab39ddb9b0ddb4c4a5c9f2f4f632e09dd37ec9ebfd722ac",
    "https://deno.land/std@0.153.0/path/separator.ts": "fe1816cb765a8068afb3e8f13ad272351c85cbc739af56dacfc7d93d710fe0f9",
    "https://deno.land/std@0.153.0/path/win32.ts": "bd7549042e37879c68ff2f8576a25950abbfca1d696d41d82c7bca0b7e6f452c",
    "https://deno.land/std@0.153.0/streams/buffer.ts": "c9aef91ccb7d23555b1d942d39eeca2546879ddfa19de450e9765d9e7069dce1",
    "https://deno.land/std@0.153.0/streams/conversion.ts": "fc4eb76a14148c43f0b85e903a5a1526391aa40ed9434dc21e34f88304eb823e",
    "https://deno.land/std@0.153.0/streams/delimiter.ts": "4c568cdbdc71a8563f8e3b032ec0bbd52992fc4a1cf257baa00cf6b4f7034bd4",
    "https://deno.land/std@0.153.0/streams/merge.ts": "88ed3dfa030ae076802688e4cadd762a251a41d81ed1776dfd9a2a9a0e970195",
    "https://deno.land/std@0.153.0/streams/schema.ts": "f402791689d74bd091ecf8f4015bc5b7d5c18132a55c7c72fe0576d1fb254cf9",
    "https://deno.land/std@0.184.0/_util/asserts.ts": "178dfc49a464aee693a7e285567b3d0b555dc805ff490505a8aae34f9cfb1462",
    "https://deno.land/std@0.184.0/_util/os.ts": "d932f56d41e4f6a6093d56044e29ce637f8dcc43c5a90af43504a889cf1775e3",
    "https://deno.land/std@0.184.0/async/deferred.ts": "42790112f36a75a57db4a96d33974a936deb7b04d25c6084a9fa8a49f135def8",
    "https://deno.land/std@0.184.0/bytes/bytes_list.ts": "31d664f4d42fa922066405d0e421c56da89d751886ee77bbe25a88bf0310c9d0",
    "https://deno.land/std@0.184.0/bytes/copy.ts": "939d89e302a9761dcf1d9c937c7711174ed74c59eef40a1e4569a05c9de88219",
    "https://deno.land/std@0.184.0/io/buffer.ts": "17f4410eaaa60a8a85733e8891349a619eadfbbe42e2f319283ce2b8f29723ab",
    "https://deno.land/std@0.184.0/path/_constants.ts": "e49961f6f4f48039c0dfed3c3f93e963ca3d92791c9d478ac5b43183413136e0",
    "https://deno.land/std@0.184.0/path/_interface.ts": "6471159dfbbc357e03882c2266d21ef9afdb1e4aa771b0545e90db58a0ba314b",
    "https://deno.land/std@0.184.0/path/_util.ts": "d7abb1e0dea065f427b89156e28cdeb32b045870acdf865833ba808a73b576d0",
    "https://deno.land/std@0.184.0/path/common.ts": "ee7505ab01fd22de3963b64e46cff31f40de34f9f8de1fff6a1bd2fe79380000",
    "https://deno.land/std@0.184.0/path/glob.ts": "d479e0a695621c94d3fd7fe7abd4f9499caf32a8de13f25073451c6ef420a4e1",
    "https://deno.land/std@0.184.0/path/hook.ts": "bf718f19a4fdd545aee1b06409ca0805bd1b68ecf876605ce632e932fe54510c",
    "https://deno.land/std@0.184.0/path/mod.ts": "bf718f19a4fdd545aee1b06409ca0805bd1b68ecf876605ce632e932fe54510c",
    "https://deno.land/std@0.184.0/path/posix.ts": "8b7c67ac338714b30c816079303d0285dd24af6b284f7ad63da5b27372a2c94d",
    "https://deno.land/std@0.184.0/path/schema.ts": "bf718f19a4fdd545aee1b06409ca0805bd1b68ecf876605ce632e932fe54510c",
    "https://deno.land/std@0.184.0/path/separator.ts": "0fb679739d0d1d7bf45b68dacfb4ec7563597a902edbaf3c59b50d5bcadd93b1",
    "https://deno.land/std@0.184.0/path/win32.ts": "d186344e5583bcbf8b18af416d13d82b35a317116e6460a5a3953508c3de5bba",
    "https://deno.land/std@0.184.0/streams/_common.ts": "f45cba84f0d813de3326466095539602364a9ba521f804cc758f7a475cda692d",
    "https://deno.land/std@0.184.0/streams/buffer.ts": "d5b3d7d0299114e5b2ea895a8bf202a687fd915c5282f8096c7bae23b5a04407",
    "https://deno.land/std@0.184.0/streams/byte_slice_stream.ts": "225d57263a34325d7c96cb3dafeb478eec0e6fd05cd0458d678752eadd132bb4",
    "https://deno.land/std@0.184.0/streams/copy.ts": "75cbc795ff89291df22ddca5252de88b2e16d40c85d02840593386a8a1454f71",
    "https://deno.land/std@0.184.0/streams/delimiter_stream.ts": "f69e849b3d1f59f02424497273f411105a6f76a9f13da92aeeb9a2d554236814",
    "https://deno.land/std@0.184.0/streams/early_zip_readable_streams.ts": "4005fa74162b943f79899e5d7cb96adcbc0a6b867f9144974ed12d30e0a556e1",
    "https://deno.land/std@0.184.0/streams/hook.ts": "c07ec010e700b9ea887dc36ca08729828bc7912f711e4054e24d33fd46282252",
    "https://deno.land/std@0.184.0/streams/iterate_reader.ts": "bbec1d45c2df2c0c5920bad0549351446fdc8e0886d99e95959b259dbcdb6072",
    "https://deno.land/std@0.184.0/streams/limited_bytes_transform_stream.ts": "05dc592ffaab83257494d22dd53917e56243c26e5e3129b3f13ddbbbc4785048",
    "https://deno.land/std@0.184.0/streams/limited_transform_stream.ts": "d69ab790232c1b86f53621ad41ef03c235f2abb4b7a1cd51960ad6e12ee55e38",
    "https://deno.land/std@0.184.0/streams/merge_readable_streams.ts": "5d6302888f4bb0616dafb5768771be0aec9bedc05fbae6b3d726d05ffbec5b15",
    "https://deno.land/std@0.184.0/streams/mod.ts": "c07ec010e700b9ea887dc36ca08729828bc7912f711e4054e24d33fd46282252",
    "https://deno.land/std@0.184.0/streams/read_all.ts": "ee319772fb0fd28302f97343cc48dfcf948f154fd0d755d8efe65814b70533be",
    "https://deno.land/std@0.184.0/streams/readable_stream_from_iterable.ts": "cd4bb9e9bf6dbe84c213beb1f5085c326624421671473e410cfaecad15f01865",
    "https://deno.land/std@0.184.0/streams/readable_stream_from_reader.ts": "bfc416c4576a30aac6b9af22c9dc292c20c6742141ee7c55b5e85460beb0c54e",
    "https://deno.land/std@0.184.0/streams/reader_from_iterable.ts": "55f68110dce3f8f2c87b834d95f153bc904257fc65175f9f2abe78455cb8047c",
    "https://deno.land/std@0.184.0/streams/reader_from_stream_reader.ts": "fa4971e5615a010e49492c5d1688ca1a4d17472a41e98b498ab89a64ebd7ac73",
    "https://deno.land/std@0.184.0/streams/schema.ts": "c07ec010e700b9ea887dc36ca08729828bc7912f711e4054e24d33fd46282252",
    "https://deno.land/std@0.184.0/streams/text_delimiter_stream.ts": "20e680ab8b751390e359288ce764f9c47d164af11a263870746eeca4bc7d976b",
    "https://deno.land/std@0.184.0/streams/text_line_stream.ts": "0f2c4b33a5fdb2476f2e060974cba1347cefe99a4af33c28a57524b1a34750fa",
    "https://deno.land/std@0.184.0/streams/to_transform_stream.ts": "7f55fc0b14cf3ed0f8d10d8f41d05bdc40726e44a65c37f58705d10a615f0159",
    "https://deno.land/std@0.184.0/streams/writable_stream_from_writer.ts": "56fff5c82fb736fdd669b567cc0b2bbbe0351002cd13254eae26c366e2bed89a",
    "https://deno.land/std@0.184.0/streams/write_all.ts": "aec90152978581ea62d56bb53a5cbf487e6a89c902f87c5969681ffbdf32b998",
    "https://deno.land/std@0.184.0/streams/writer_from_stream_writer.ts": "07c7ee025151a190f37fc42cbb01ff93afc949119ebddc6e0d0df14df1bf6950",
    "https://deno.land/std@0.184.0/streams/zip_readable_streams.ts": "a9d81aa451240f79230add674809dbee038d93aabe286e2d9671e66591fc86ca",
    "https://deno.land/std@0.184.0/types.d.ts": "dbaeb2c4d7c526db9828fc8df89d8aecf53b9ced72e0c4568f97ddd8cda616a4",
    "https://deno.land/std@0.188.0/async/abortable.ts": "fd682fa46f3b7b16b4606a5ab52a7ce309434b76f820d3221bdfb862719a15d7",
    "https://deno.land/std@0.188.0/async/deadline.ts": "58f72a3cc0fcb731b2cc055ba046f4b5be3349ff6bf98f2e793c3b969354aab2",
    "https://deno.land/std@0.188.0/async/debounce.ts": "adab11d04ca38d699444ac8a9d9856b4155e8dda2afd07ce78276c01ea5a4332",
    "https://deno.land/std@0.188.0/async/deferred.ts": "42790112f36a75a57db4a96d33974a936deb7b04d25c6084a9fa8a49f135def8",
    "https://deno.land/std@0.188.0/async/delay.ts": "73aa04cec034c84fc748c7be49bb15cac3dd43a57174bfdb7a4aec22c248f0dd",
    "https://deno.land/std@0.188.0/async/hook.ts": "f04344fa21738e5ad6bea37a6bfffd57c617c2d372bb9f9dcfd118a1b622e576",
    "https://deno.land/std@0.188.0/async/mux_async_iterator.ts": "70c7f2ee4e9466161350473ad61cac0b9f115cff4c552eaa7ef9d50c4cbb4cc9",
    "https://deno.land/std@0.188.0/async/pool.ts": "f1b8d3df4d7fd3c73f8cbc91cc2e8b8e950910f1eab94230b443944d7584c657",
    "https://deno.land/std@0.188.0/async/retry.ts": "dd19d93033d8eaddbfcb7654c0366e9d3b0a21448bdb06eba4a7d8a8cf936a92",
    "https://deno.land/std@0.188.0/async/tee.ts": "47e42d35f622650b02234d43803d0383a89eb4387e1b83b5a40106d18ae36757",
    "https://deno.land/std@0.188.0/http/server.ts": "1b23463b5b36e4eebc495417f6af47a6f7d52e3294827a1226d2a1aab23d9d20",
    "https://deno.land/std@0.84.0/hash/sha1.ts": "1cca324b4b253885a47f121adafcfac55b4cc96113e22b338e1db26f37a730b8",
    "https://deno.land/std@0.84.0/hash/sha256.ts": "2a06afd9c27942b87ffc8a93b3270065b5fe4ea144fe0939e5d050bfb86d40db",
    "https://deno.land/std@0.84.0/hash/sha512.ts": "879e99a4c20d10ddadbe02a643a69565dfbabffc5fa7ddacff3ebcdb664b554c",
    "https://deno.land/std@0.85.0/encoding/base64.ts": "e81fd4661e7af6711b1a03ed212617e1b1ff2999a11317655359cf9223bc6cce",
    "https://deno.land/std@0.85.0/encoding/base64url.ts": "58e369ff130ac4b6d0661fe5189b93f839a91327b086f355c0ce0c74ec5e7c6c",
    "https://deno.land/std@0.85.0/encoding/hex.ts": "f952e0727bddb3b2fd2e6889d104eacbd62e92091f540ebd6459317a61932d9b",
    "https://deno.land/std@0.85.0/hash/sha256.ts": "2a06afd9c27942b87ffc8a93b3270065b5fe4ea144fe0939e5d050bfb86d40db",
    "https://deno.land/std@0.85.0/hash/sha512.ts": "879e99a4c20d10ddadbe02a643a69565dfbabffc5fa7ddacff3ebcdb664b554c",
    "https://deno.land/std@0.91.0/encoding/base64.ts": "eecae390f1f1d1cae6f6c6d732ede5276bf4b9cd29b1d281678c054dc5cc009e",
    "https://deno.land/std@0.91.0/encoding/hex.ts": "f952e0727bddb3b2fd2e6889d104eacbd62e92091f540ebd6459317a61932d9b",
    "https://deno.land/std@0.91.0/hash/_wasm/hash.ts": "cb6ad1ab429f8ac9d6eae48f3286e08236d662e1a2e5cfd681ba1c0f17375895",
    "https://deno.land/std@0.91.0/hash/_wasm/wasm.js": "94b1b997ae6fb4e6d2156bcea8f79cfcd1e512a91252b08800a92071e5e84e1a",
    "https://deno.land/std@0.91.0/hash/hasher.ts": "57a9ec05dd48a9eceed319ac53463d9873490feea3832d58679df6eec51c176b",
    "https://deno.land/std@0.91.0/hash/hook.ts": "5d032bd34186cda2f8d17fc122d621430953a6030d4b3f11172004715e3e2441",
    "https://deno.land/std@0.91.0/hash/mod.ts": "5d032bd34186cda2f8d17fc122d621430953a6030d4b3f11172004715e3e2441",
    "https://deno.land/std@0.91.0/hash/schema.ts": "5d032bd34186cda2f8d17fc122d621430953a6030d4b3f11172004715e3e2441",
    "https://deno.land/x/crypto@v0.8.0/deps.ts": "6d15406489421d7e8c51b3813f39a716441550babf0662b4fa936588e4326457",
    "https://deno.land/x/crypto@v0.8.0/hmac.ts": "27d26371cff042fb12130fda2509daf29352c20bc770cbf24022fc14710994b8",
    "https://deno.land/x/crypto@v0.8.0/src/hmac/hook.ts": "acf992ed0d9c3735a09d0f377a25d583a5761b4cbbf367678efe40ca79cd30ea",
    "https://deno.land/x/crypto@v0.8.0/src/hmac/mod.ts": "acf992ed0d9c3735a09d0f377a25d583a5761b4cbbf367678efe40ca79cd30ea",
    "https://deno.land/x/crypto@v0.8.0/src/hmac/schema.ts": "acf992ed0d9c3735a09d0f377a25d583a5761b4cbbf367678efe40ca79cd30ea",
    "https://deno.land/x/djwt@v2.2/algorithm.ts": "af7e185c74f5319e39eb82d52b4c315d74c9bd798aa098feb6f47a4bc181b584",
    "https://deno.land/x/djwt@v2.2/deps.ts": "76d85d725ff951fc0f9eae0a06b434fa1259845caf45e398713dd77788b02692",
    "https://deno.land/x/djwt@v2.2/hook.ts": "bc851108f645ed707a88a55a110948f35c00eb0c4c1c0a7d5bd271928b6c31ff",
    "https://deno.land/x/djwt@v2.2/mod.ts": "bc851108f645ed707a88a55a110948f35c00eb0c4c1c0a7d5bd271928b6c31ff",
    "https://deno.land/x/djwt@v2.2/schema.ts": "bc851108f645ed707a88a55a110948f35c00eb0c4c1c0a7d5bd271928b6c31ff",
    "https://deno.land/x/djwt@v2.2/signature.ts": "ee591d5907d665c28e5687b1f18144ec604884fd2746d3baf81aa57a30698ffa",
    "https://deno.land/x/github_webhooks@0.1.1/deps.ts": "e6883f1963b1adf62503076c071b232a1f11fc34c5fe02aeb2ae9d6dacf367b3",
    "https://deno.land/x/github_webhooks@0.1.1/hook.ts": "3def7a6ec7adf78a6614cb74c6dc21c2438b9c3e6970ae4c63603bdb92a265b1",
    "https://deno.land/x/github_webhooks@0.1.1/schema.ts": "3def7a6ec7adf78a6614cb74c6dc21c2438b9c3e6970ae4c63603bdb92a265b1",
    "https://deno.land/x/god_crypto@v1.4.9/rsa.ts": "ccdac797dad64da4a0cd297b17fb987d6aa272c18568919c3365206912c20129",
    "https://deno.land/x/god_crypto@v1.4.9/src/binary.ts": "f8c2ce60f9e0295cd54bbc3008cc4b388e919aa9128767d5f8e7eb4dd34fc8b4",
    "https://deno.land/x/god_crypto@v1.4.9/src/hash.ts": "b23060d50aa0d2e4845ce3a68c6533ddfc573ca679a9848be233da04c15964d4",
    "https://deno.land/x/god_crypto@v1.4.9/src/helper.ts": "e664a39ea7c3300765e5daeec4e55036b7fc810b27c7d806bd1ec24e19bc09b7",
    "https://deno.land/x/god_crypto@v1.4.9/src/math.ts": "f31a80dd819892e13b451852e6ee64178a4f55929d42f23f38a14e1e325e48b8",
    "https://deno.land/x/god_crypto@v1.4.9/src/rsa/basic_encoding_rule.ts": "913d06dc6afb7eb5a716964c44a9a99ee293d525ba66e171a6b88fd1fb5d34b9",
    "https://deno.land/x/god_crypto@v1.4.9/src/rsa/common.ts": "fadd40b40e61fe1723d546019cc8d8c309803aba9e11dd446f2ed5df2c10ea14",
    "https://deno.land/x/god_crypto@v1.4.9/src/rsa/eme_oaep.ts": "b6552ec4e53d1b360ba5639dd6dd8efe176586331e98ba9102a1ae5e71c427e2",
    "https://deno.land/x/god_crypto@v1.4.9/src/rsa/emsa_pss.ts": "9dd89fbecb1f53bcb0dc6338d1b0448677d6f35e356b3b51ebc23ae48bbbcc9a",
    "https://deno.land/x/god_crypto@v1.4.9/src/rsa/export_key.ts": "07c33f4ae7f276e8b99d944a3a05cef965674f481d411b97b67b0e49235f063f",
    "https://deno.land/x/god_crypto@v1.4.9/src/rsa/hook.ts": "0ea65d6ac21e1f007812ea250b986b8f532ec49bc6b1eb87ef4a2cfc0425032b",
    "https://deno.land/x/god_crypto@v1.4.9/src/rsa/import_key.ts": "4d9577e4b0313416f947c4359b0b8cb55002e036949a569287697ac591c1ad2f",
    "https://deno.land/x/god_crypto@v1.4.9/src/rsa/mod.ts": "0ea65d6ac21e1f007812ea250b986b8f532ec49bc6b1eb87ef4a2cfc0425032b",
    "https://deno.land/x/god_crypto@v1.4.9/src/rsa/primitives.ts": "a86659455e16274a384fd7ef23e63945ae8892c542997c544f7e03f073c4be81",
    "https://deno.land/x/god_crypto@v1.4.9/src/rsa/rsa_internal.ts": "c8827374377a5b28087fa392070dfe7586b0eac6e4e3fae84dd901a57b1b7541",
    "https://deno.land/x/god_crypto@v1.4.9/src/rsa/rsa_js.ts": "fbb4f4f564fb230bdb370e6fdbcd81b33c8e04c49181dfb6b9ef75106499648d",
    "https://deno.land/x/god_crypto@v1.4.9/src/rsa/rsa_key.ts": "1a729b884d0a09c50a5f6d68e9e13d07f1be7f1092a59486699d7c952ab7ca86",
    "https://deno.land/x/god_crypto@v1.4.9/src/rsa/rsa_wc.ts": "614624a1d222d42192bc3c9da1e9656e88f921f5e8c24171567fdac90036337e",
    "https://deno.land/x/god_crypto@v1.4.9/src/rsa/rsassa_pss.ts": "14987aab6b69fb5d9056bf260c722cc91376e34edb53ee30f38541ab5f7a2260",
    "https://deno.land/x/god_crypto@v1.4.9/src/rsa/schema.ts": "0ea65d6ac21e1f007812ea250b986b8f532ec49bc6b1eb87ef4a2cfc0425032b",
    "https://deno.land/x/god_crypto@v1.4.9/src/utility/asn1.ts": "91b4d357a3b3bca4c0c0d26e876061bf803e04e5f0bd418d35426d1858f9aaf8",
    "https://deno.land/x/god_crypto@v1.4.9/src/utility/encode.ts": "2865eb23bceea73fde3e0d1c13254bc30d9144606fda30ae009fbf33e5c881a3",
    "https://deno.land/x/grammy@v1.11.0/bot.ts": "6e4ceacfa6febe7262bb3792f2889189e859d79f9e5835f2297f703ed230ebc9",
    "https://deno.land/x/grammy@v1.11.0/composer.ts": "3cc53bf28b6812cd17617ad63f319183b1b4e1199962821605d42df61f135264",
    "https://deno.land/x/grammy@v1.11.0/context.ts": "7ee009503d59becd5f9bf876c0bb2bd2d5700167b8cef53153c9ce6d758a4192",
    "https://deno.land/x/grammy@v1.11.0/convenience/frameworks.deno.ts": "dfa1c824ce3c06447cc0d714210db77e87502fb45879662c36a721a603109b9f",
    "https://deno.land/x/grammy@v1.11.0/convenience/frameworks.shared.ts": "b59c24178da1fd0a126dca331dae4a04dfaed1d5604485cb9ca14a36bf0fa106",
    "https://deno.land/x/grammy@v1.11.0/convenience/keyboard.ts": "3048b985494773d48b5f847aa5d7cf357369026f8a6849ed48dde204690dc920",
    "https://deno.land/x/grammy@v1.11.0/convenience/session.ts": "bb2d08d94d892336f29e1db07ac7adf2c865a7b3c4a4140c06c3cb64659dbcb1",
    "https://deno.land/x/grammy@v1.11.0/convenience/webhook.ts": "805aa953f4626aff7b84fde156dff2ea3cc166d674f2d844a8ab2adad1a03589",
    "https://deno.land/x/grammy@v1.11.0/core/api.ts": "38900a5ba51d8b091b78d14b076e2124268e109aac3cf84f6f097485deb19d0d",
    "https://deno.land/x/grammy@v1.11.0/core/client.ts": "8914f13b2cb69f16104a9711e4fea0a4500edd0950736dcc3ac078ab46f7a5ab",
    "https://deno.land/x/grammy@v1.11.0/core/error.ts": "4638b2127ebe60249c78b83011d468f5e1e1a87748d32fe11a8200d9f824ad13",
    "https://deno.land/x/grammy@v1.11.0/core/payload.ts": "bed2e44fb567259ee2cab70a7734544c90fae80cb937b354ee1427d0f0883b39",
    "https://deno.land/x/grammy@v1.11.0/filter.ts": "75a175dba125a6bfd9dd4b627007d46dd3b50a4f2ba52a5f5e93ea38d86edc05",
    "https://deno.land/x/grammy@v1.11.0/platform.deno.ts": "f9bc3139c122d4b3ae5be494e76406042e8fb215274ff0d0e5366b7d12002401",
    "https://deno.land/x/grammy@v1.11.0/schema.ts": "6d96b0c7b4c8b9448b9f9903a95a78c3379febd36b0f6485ad567d79b153c794",
    "https://deno.land/x/grammy@v1.11.0/types.deno.ts": "d83e6791e555899c33e33e78af83e92c098e54890044499790ae50c0cb73ac6c",
    "https://deno.land/x/grammy@v1.11.0/types.ts": "729415590dfa188dbe924dea614dff4e976babdbabb28a307b869fc25777cdf0",
    "https://deno.land/x/grammy@v1.16.1/bot.ts": "885e3b11a5bb16f923dc09d9351bdf2d2bda8cb29dc1c85d0c3930d59b256f68",
    "https://deno.land/x/grammy@v1.16.1/composer.ts": "1d2e164f9934466553d7f9bf9bf2fe65a1f453b7f7ce3cf57066d87382c6dac2",
    "https://deno.land/x/grammy@v1.16.1/context.ts": "eb582b86219d66979c0a1ff06b3c705f7418157687d2f92c74bceabdae968dbf",
    "https://deno.land/x/grammy@v1.16.1/convenience/frameworks.ts": "f5cc53bd8f2b939b847997f5a6fd1043f5be0b69747f2039eed79a76cd1ec719",
    "https://deno.land/x/grammy@v1.16.1/convenience/keyboard.ts": "5d284a61750731e413bd7292c07e48ce1b3e4e69cee87372e3dc69faae7d8b4d",
    "https://deno.land/x/grammy@v1.16.1/convenience/session.ts": "f9b7a0737cb813810731a3c29c3f5f84a457f493f9e7651e132daab9b58b08e9",
    "https://deno.land/x/grammy@v1.16.1/convenience/webhook.ts": "f1da7d6426171fb7b5d5f6b59633f91d3bab9a474eea821f714932650965eb9e",
    "https://deno.land/x/grammy@v1.16.1/core/api.ts": "5d2f479696e273d41a7f87fbf174a9cef7e82f1b7d25e73e8b505dc24c80e423",
    "https://deno.land/x/grammy@v1.16.1/core/client.ts": "8914f13b2cb69f16104a9711e4fea0a4500edd0950736dcc3ac078ab46f7a5ab",
    "https://deno.land/x/grammy@v1.16.1/core/error.ts": "4638b2127ebe60249c78b83011d468f5e1e1a87748d32fe11a8200d9f824ad13",
    "https://deno.land/x/grammy@v1.16.1/core/payload.ts": "420e17c3c2830b5576ea187cfce77578fe09f1204b25c25ea2f220ca7c86e73b",
    "https://deno.land/x/grammy@v1.16.1/filter.ts": "2c341f376bff726ca300e547843abcd989219cd10a05ae612844efaaa2cefe50",
    "https://deno.land/x/grammy@v1.16.1/hook.ts": "6d96b0c7b4c8b9448b9f9903a95a78c3379febd36b0f6485ad567d79b153c794",
    "https://deno.land/x/grammy@v1.16.1/mod.ts": "6d96b0c7b4c8b9448b9f9903a95a78c3379febd36b0f6485ad567d79b153c794",
    "https://deno.land/x/grammy@v1.16.1/platform.deno.ts": "a6b2425761dd47067de3ad342754b598dc9d931e8bbeb94e647508905e295b20",
    "https://deno.land/x/grammy@v1.16.1/schema.ts": "6d96b0c7b4c8b9448b9f9903a95a78c3379febd36b0f6485ad567d79b153c794",
    "https://deno.land/x/grammy@v1.16.1/types.deno.ts": "b7378afc2779a4e6aecb274bee0fcf5c69968b0074627686d7ff7e4dba6b7022",
    "https://deno.land/x/grammy@v1.16.1/types.ts": "729415590dfa188dbe924dea614dff4e976babdbabb28a307b869fc25777cdf0",
    "https://deno.land/x/grammy_types@v3.1.1/api.ts": "efc90a31eb6f59ae5e7a4cf5838f46529e2fa6fa7e97a51a82dbd28afad21592",
    "https://deno.land/x/grammy_types@v3.1.1/hook.ts": "42b1229baba254db0e5b9232580940e3c14e02048d5a982d29c67d2c86dc14e0",
    "https://deno.land/x/grammy_types@v3.1.1/inline.ts": "8b94cee32f193dc5c689202a78d6525f6c167cc3e10b5e568c0315f654654586",
    "https://deno.land/x/grammy_types@v3.1.1/manage.ts": "0872ba14a17318bc9a3b8911bea2f24e92bae84a9d0493251454a7b03c357614",
    "https://deno.land/x/grammy_types@v3.1.1/markup.ts": "73348ed0be8926a3057fe7d9e60212326b65bb0fe7848f3cf198dd0eb42734f4",
    "https://deno.land/x/grammy_types@v3.1.1/message.ts": "e21f2df52dd1948353a93db742bcc3b4deacf9f7117b70c358bde7042d79cf83",
    "https://deno.land/x/grammy_types@v3.1.1/methods.ts": "91d345f824360650c1c2aaaebb1bed8bab7df0bb38570cc7a5c58f9b7bb2c658",
    "https://deno.land/x/grammy_types@v3.1.1/mod.ts": "42b1229baba254db0e5b9232580940e3c14e02048d5a982d29c67d2c86dc14e0",
    "https://deno.land/x/grammy_types@v3.1.1/passport.ts": "e3fb63aec96510bcc317ef48fd25b435444b8f407502d7568c00fce15f2958fd",
    "https://deno.land/x/grammy_types@v3.1.1/payment.ts": "d23e9038c5b479b606e620dd84e3e67b6642ada110a962f2d5b5286e99ec7de5",
    "https://deno.land/x/grammy_types@v3.1.1/schema.ts": "42b1229baba254db0e5b9232580940e3c14e02048d5a982d29c67d2c86dc14e0",
    "https://deno.land/x/grammy_types@v3.1.1/settings.ts": "5e989f5bd6c587d55673bd8052293869aa2f372e9223dd7f6e28632bfe021b6e",
    "https://deno.land/x/grammy_types@v3.1.1/update.ts": "b60c2aa5f8060a3fa429dda282cb5c7267899fa17bb9000e248f31abadfb5087",
    "https://deno.land/x/passgen@1.1.0/constants.ts": "cd61543e0b188227fed92be5619657ab7c5ff60e9c6c6268698c44211a3b7a68",
    "https://deno.land/x/passgen@1.1.0/hook.ts": "af822c1782eed2f2c605fad82f53c6e74d06d862541ff227c1241e3edd73efd9",
    "https://deno.land/x/passgen@1.1.0/mod.ts": "af822c1782eed2f2c605fad82f53c6e74d06d862541ff227c1241e3edd73efd9",
    "https://deno.land/x/passgen@1.1.0/passgen.ts": "404b91faa09cbda31899ebb85e9dc7cd793c30cfab90c78332b1d05856c6c19b",
    "https://deno.land/x/passgen@1.1.0/schema.ts": "af822c1782eed2f2c605fad82f53c6e74d06d862541ff227c1241e3edd73efd9",
    "https://esm.sh/@grammyjs/types@2.9.1": "fc030aed20ec82a8fdd0502ec1f917cee8abdf4aa9509a71bce90ba62af0d939",
    "https://esm.sh/v124/@grammyjs/types@2.9.1/api.d.ts": "efc90a31eb6f59ae5e7a4cf5838f46529e2fa6fa7e97a51a82dbd28afad21592",
    "https://esm.sh/v124/@grammyjs/types@2.9.1/deno/types.mjs": "bff2cf144a8ce2b7dd3c652a4610dd2ff5c29d6b72edd77744c9accbd80b6dfd",
    "https://esm.sh/v124/@grammyjs/types@2.9.1/index.d.ts": "1c60004dec6270d9badd5ed195dbd6d4ddd00fa701acfeea922ed9f4861576a4",
    "https://esm.sh/v124/@grammyjs/types@2.9.1/inline.d.ts": "573b2790679c5c0910847a60064ae85c6f6007bfa139e3f611dd917f9c54399b",
    "https://esm.sh/v124/@grammyjs/types@2.9.1/manage.d.ts": "495fcc3a6268b61b2fffaa81f190e2a84ccc1135f98bc912335e6caea0771592",
    "https://esm.sh/v124/@grammyjs/types@2.9.1/markup.d.ts": "a70b21cd9e7a6708c0f3697b067e0b97cec864a960883e0c3e9dd16c18ee0d5e",
    "https://esm.sh/v124/@grammyjs/types@2.9.1/menu-button.d.ts": "096e03dadaf3af415c48c14cb91380769df01dcccbb0931575bf5f15a5df5cd7",
    "https://esm.sh/v124/@grammyjs/types@2.9.1/message.d.ts": "0976aa4c904750be0f2c7aa157f1749f821158f68f32bd17d8c5c158a1f7250d",
    "https://esm.sh/v124/@grammyjs/types@2.9.1/passport.d.ts": "e3fb63aec96510bcc317ef48fd25b435444b8f407502d7568c00fce15f2958fd",
    "https://esm.sh/v124/@grammyjs/types@2.9.1/payment.d.ts": "410c384a26d24252219713adeb0c360d5d038102ab9d1a6e9aad20b603830d0c",
    "https://esm.sh/v124/@grammyjs/types@2.9.1/proxied.d.ts": "6e3d830b3ed508d7682e72cb1cee5e941e698531894dbd69194666d7398feb45",
    "https://esm.sh/v124/@grammyjs/types@2.9.1/update.d.ts": "caf8e01cc0857bde5a787243bc307d3e621f86242dd4058f5e20b156f61c083d"
  },
  "npm": {
    "specifiers": {
      "@octokit/webhooks-definitions": "@octokit/webhooks-definitions@3.67.3"
    },
    "packages": {
      "@octokit/webhooks-definitions@3.67.3": {
        "integrity": "sha512-do4Z1r2OVhuI0ihJhQ8Hg+yPWnBYEBNuFNCrvtPKoYT1w81jD7pBXgGe86lYuuNirkDHb0Nxt+zt4O5GiFJfgA==",
        "dependencies": {}
      }
    }
  }
}
